# Code generated by scarb DO NOT EDIT.
version = 1

[[package]]
name = "eternum_cubit"
version = "1.3.0"

[[package]]
name = "eternum_randomness_protocol"
version = "0.1.0"

[[package]]
name = "snforge_scarb_plugin"
version = "0.52.0"
source = "registry+https://scarbs.xyz/"
checksum = "sha256:c33027f8ac078e4bbfc0bd1b7e7849ffe2e6bdd6c24649d0b5ede145095b4743"

[[package]]
name = "snforge_std"
version = "0.52.0"
source = "registry+https://scarbs.xyz/"
checksum = "sha256:db8d395191bb2b526c44cee65b10a4044dc59e23a1c1d8009a73c7035760ed6b"
dependencies = [
 "snforge_scarb_plugin",
]

[[package]]
name = "world_native"
version = "0.1.0"
dependencies = [
 "eternum_cubit",
 "eternum_randomness_protocol",
 "snforge_std",
]
