# Code generated by scarb DO NOT EDIT.
version = 1

[[package]]
name = "realms_vrf_verifier"
version = "0.1.0"
dependencies = [
 "snforge_std",
]

[[package]]
name = "snforge_scarb_plugin"
version = "0.64.1"
source = "registry+https://scarbs.xyz/"
checksum = "sha256:811790c3a1b0c4008c3da568ba2bb4204ecedadb15a0b73fed4b81572bb66e88"

[[package]]
name = "snforge_std"
version = "0.64.0"
source = "registry+https://scarbs.xyz/"
checksum = "sha256:ea9ca83895fd0ae4b99c5cf93b384b8045dc0dca80a075ecef1ee9fdf5ffa6f5"
dependencies = [
 "snforge_scarb_plugin",
]
