# Code generated by scarb DO NOT EDIT.
version = 1

[[package]]
name = "eternum_amm"
version = "1.0.0"
dependencies = [
 "openzeppelin_access",
 "openzeppelin_introspection",
 "openzeppelin_token",
 "openzeppelin_upgrades",
 "openzeppelin_utils",
 "snforge_std",
]

[[package]]
name = "openzeppelin_access"
version = "2.0.0"
source = "git+https://github.com/OpenZeppelin/cairo-contracts.git?tag=v2.0.0#f1c15a30a44311166e0368081c5f79ab5a02c1d3"
dependencies = [
 "openzeppelin_introspection",
]

[[package]]
name = "openzeppelin_account"
version = "2.0.0"
source = "git+https://github.com/OpenZeppelin/cairo-contracts.git?tag=v2.0.0#f1c15a30a44311166e0368081c5f79ab5a02c1d3"
dependencies = [
 "openzeppelin_introspection",
 "openzeppelin_utils",
]

[[package]]
name = "openzeppelin_introspection"
version = "2.0.0"
source = "git+https://github.com/OpenZeppelin/cairo-contracts.git?tag=v2.0.0#f1c15a30a44311166e0368081c5f79ab5a02c1d3"

[[package]]
name = "openzeppelin_token"
version = "2.0.0"
source = "git+https://github.com/OpenZeppelin/cairo-contracts.git?tag=v2.0.0#f1c15a30a44311166e0368081c5f79ab5a02c1d3"
dependencies = [
 "openzeppelin_access",
 "openzeppelin_account",
 "openzeppelin_introspection",
 "openzeppelin_utils",
]

[[package]]
name = "openzeppelin_upgrades"
version = "2.0.0"
source = "git+https://github.com/OpenZeppelin/cairo-contracts.git?tag=v2.0.0#f1c15a30a44311166e0368081c5f79ab5a02c1d3"

[[package]]
name = "openzeppelin_utils"
version = "2.0.0"
source = "git+https://github.com/OpenZeppelin/cairo-contracts.git?tag=v2.0.0#f1c15a30a44311166e0368081c5f79ab5a02c1d3"

[[package]]
name = "snforge_scarb_plugin"
version = "0.51.2"
source = "registry+https://scarbs.xyz/"
checksum = "sha256:7b94edb0a94b93915200275076c29ef8266f4b870ffda04360cf36bc3b5e67cc"

[[package]]
name = "snforge_std"
version = "0.51.2"
source = "registry+https://scarbs.xyz/"
checksum = "sha256:d7287b7e9c826ee560788a7a9b808a2a0454977ac4111bd3c1bcb3c7c5f01040"
dependencies = [
 "snforge_scarb_plugin",
]
