# Code generated by scarb DO NOT EDIT.
version = 1

[[package]]
name = "alexandria_math"
version = "0.1.0"
source = "git+https://github.com/keep-starknet-strange/alexandria.git?rev=e1aa42853815f04ff00e4ed3507cfd74d7b0c644#e1aa42853815f04ff00e4ed3507cfd74d7b0c644"

[[package]]
name = "cubit"
version = "1.3.0"
source = "git+https://github.com/akhercha/cubit?rev=d3869a3f0c47e5ed229bbbfe2fce3fc0510cbc8a#d3869a3f0c47e5ed229bbbfe2fce3fc0510cbc8a"

[[package]]
name = "dojo"
version = "0.4.1"
source = "git+https://github.com/dojoengine/dojo?tag=v0.4.1#e0a16635d1b833e0f5b89a9bdf358d784751c1b4"
dependencies = [
 "dojo_plugin",
]

[[package]]
name = "dojo_plugin"
version = "0.3.11"
source = "git+https://github.com/dojoengine/dojo?tag=v0.3.11#1e651b5d4d3b79b14a7d8aa29a92062fcb9e6659"

[[package]]
name = "eternum"
version = "0.3.0"
dependencies = [
 "alexandria_math",
 "cubit",
 "dojo",
]
