# Code generated by scarb DO NOT EDIT.
version = 1

[[package]]
name = "alexandria_math"
version = "0.1.0"
source = "git+https://github.com/keep-starknet-strange/alexandria.git?rev=e1aa42853815f04ff00e4ed3507cfd74d7b0c644#e1aa42853815f04ff00e4ed3507cfd74d7b0c644"

[[package]]
name = "cubit"
version = "1.2.0"
source = "git+https://github.com/influenceth/cubit#b4590530d5aeae9aabd36740cc2a3d9e6adc5fde"

[[package]]
name = "dojo"
version = "0.3.10"
source = "git+https://github.com/dojoengine/dojo?tag=v0.3.10#be1676252c41f8188465741edcbcb381d2c12080"
dependencies = [
 "dojo_plugin",
]

[[package]]
name = "dojo_plugin"
version = "0.3.10"

[[package]]
name = "eternum"
version = "0.1.0"
dependencies = [
 "alexandria_math",
 "cubit",
 "dojo",
]
