# Code generated by scarb DO NOT EDIT.
version = 1

[[package]]
name = "alexandria_math"
version = "0.1.0"
source = "git+https://github.com/keep-starknet-strange/alexandria.git?rev=e1aa42853815f04ff00e4ed3507cfd74d7b0c644#e1aa42853815f04ff00e4ed3507cfd74d7b0c644"

[[package]]
name = "cc_dojo_map"
version = "0.2.0"
source = "git+https://github.com/CheDAOLabs/cc-dojo-map.git?tag=v0.3.1#9dd40e1bd1f6ad5473cece372afe804c55972ec6"
dependencies = [
 "cc_starknet",
 "dojo",
]

[[package]]
name = "cc_starknet"
version = "0.1.0"
source = "git+https://github.com/CheDAOLabs/cryptsandcaverns.git?tag=v0.1.0-rc0#8d6bf9618cc261a51d42d4152048d4dc09122b56"
dependencies = [
 "openzeppelin",
]

[[package]]
name = "cubit"
version = "1.2.0"
source = "git+https://github.com/influenceth/cubit#2ccb2536dffa3f15ebd38b755c1be65fde1eab0c"

[[package]]
name = "dojo"
version = "0.3.0"
source = "git+https://github.com/dojoengine/dojo.git?tag=v0.3.0#3101ce88c8f6fb3e304aec7fe7db0bbf5c1434c5"
dependencies = [
 "dojo_plugin",
]

[[package]]
name = "dojo_plugin"
version = "0.3.0"
source = "git+https://github.com/dojoengine/dojo?tag=v0.3.0#3101ce88c8f6fb3e304aec7fe7db0bbf5c1434c5"

[[package]]
name = "eternum"
version = "0.1.0"
dependencies = [
 "alexandria_math",
 "cc_dojo_map",
 "cc_starknet",
 "cubit",
 "dojo",
]

[[package]]
name = "openzeppelin"
version = "0.7.0"
source = "git+https://github.com/OpenZeppelin/cairo-contracts.git?tag=v0.7.0#61a2505fe0c0f19b5de2b3f8dedf421ba2cff657"
