# Code generated by scarb DO NOT EDIT.
version = 1

[[package]]
name = "mmr"
version = "1.0.0"
dependencies = [
 "openzeppelin",
 "snforge_std",
]

[[package]]
name = "openzeppelin"
version = "0.20.0"
source = "git+https://github.com/openzeppelin/cairo-contracts?tag=v0.20.0#7756fd1de2b4ebd239fa6e372d75535cea02e5e5"
dependencies = [
 "openzeppelin_access",
 "openzeppelin_account",
 "openzeppelin_finance",
 "openzeppelin_governance",
 "openzeppelin_introspection",
 "openzeppelin_merkle_tree",
 "openzeppelin_presets",
 "openzeppelin_security",
 "openzeppelin_token",
 "openzeppelin_upgrades",
 "openzeppelin_utils",
]

[[package]]
name = "openzeppelin_access"
version = "0.20.0"
source = "git+https://github.com/openzeppelin/cairo-contracts?tag=v0.20.0#7756fd1de2b4ebd239fa6e372d75535cea02e5e5"
dependencies = [
 "openzeppelin_introspection",
]

[[package]]
name = "openzeppelin_account"
version = "0.20.0"
source = "git+https://github.com/openzeppelin/cairo-contracts?tag=v0.20.0#7756fd1de2b4ebd239fa6e372d75535cea02e5e5"
dependencies = [
 "openzeppelin_introspection",
 "openzeppelin_utils",
]

[[package]]
name = "openzeppelin_finance"
version = "0.20.0"
source = "git+https://github.com/openzeppelin/cairo-contracts?tag=v0.20.0#7756fd1de2b4ebd239fa6e372d75535cea02e5e5"
dependencies = [
 "openzeppelin_access",
 "openzeppelin_token",
]

[[package]]
name = "openzeppelin_governance"
version = "0.20.0"
source = "git+https://github.com/openzeppelin/cairo-contracts?tag=v0.20.0#7756fd1de2b4ebd239fa6e372d75535cea02e5e5"
dependencies = [
 "openzeppelin_access",
 "openzeppelin_account",
 "openzeppelin_introspection",
 "openzeppelin_token",
 "openzeppelin_utils",
]

[[package]]
name = "openzeppelin_introspection"
version = "0.20.0"
source = "git+https://github.com/openzeppelin/cairo-contracts?tag=v0.20.0#7756fd1de2b4ebd239fa6e372d75535cea02e5e5"

[[package]]
name = "openzeppelin_merkle_tree"
version = "0.20.0"
source = "git+https://github.com/openzeppelin/cairo-contracts?tag=v0.20.0#7756fd1de2b4ebd239fa6e372d75535cea02e5e5"

[[package]]
name = "openzeppelin_presets"
version = "0.20.0"
source = "git+https://github.com/openzeppelin/cairo-contracts?tag=v0.20.0#7756fd1de2b4ebd239fa6e372d75535cea02e5e5"
dependencies = [
 "openzeppelin_access",
 "openzeppelin_account",
 "openzeppelin_finance",
 "openzeppelin_introspection",
 "openzeppelin_token",
 "openzeppelin_upgrades",
 "openzeppelin_utils",
]

[[package]]
name = "openzeppelin_security"
version = "0.20.0"
source = "git+https://github.com/openzeppelin/cairo-contracts?tag=v0.20.0#7756fd1de2b4ebd239fa6e372d75535cea02e5e5"

[[package]]
name = "openzeppelin_token"
version = "0.20.0"
source = "git+https://github.com/openzeppelin/cairo-contracts?tag=v0.20.0#7756fd1de2b4ebd239fa6e372d75535cea02e5e5"
dependencies = [
 "openzeppelin_access",
 "openzeppelin_account",
 "openzeppelin_introspection",
 "openzeppelin_utils",
]

[[package]]
name = "openzeppelin_upgrades"
version = "0.20.0"
source = "git+https://github.com/openzeppelin/cairo-contracts?tag=v0.20.0#7756fd1de2b4ebd239fa6e372d75535cea02e5e5"

[[package]]
name = "openzeppelin_utils"
version = "0.20.0"
source = "git+https://github.com/openzeppelin/cairo-contracts?tag=v0.20.0#7756fd1de2b4ebd239fa6e372d75535cea02e5e5"

[[package]]
name = "snforge_scarb_plugin"
version = "0.51.2"
source = "registry+https://scarbs.xyz/"
checksum = "sha256:7b94edb0a94b93915200275076c29ef8266f4b870ffda04360cf36bc3b5e67cc"

[[package]]
name = "snforge_std"
version = "0.51.2"
source = "registry+https://scarbs.xyz/"
checksum = "sha256:d7287b7e9c826ee560788a7a9b808a2a0454977ac4111bd3c1bcb3c7c5f01040"
dependencies = [
 "snforge_scarb_plugin",
]
